
Microsoft Visual Studio Solution File, Format Version 12.00
# Visual Studio Version 17
VisualStudioVersion = 17.6.33712.159
MinimumVisualStudioVersion = 10.0.40219.1
Project("{9A19103F-16F7-4668-BE54-9A1E7A4F7556}") = "HS_TakeAll", "HS_TakeAll.csproj", "{C9EA4B2C-BCC6-4401-A9EF-CE2FDAFD715E}"
EndProject
Global
	GlobalSection(SolutionConfigurationPlatforms) = preSolution
		Debug|Any CPU = Debug|Any CPU
		Release|Any CPU = Release|Any CPU
	EndGlobalSection
	GlobalSection(ProjectConfigurationPlatforms) = postSolution
		{C9EA4B2C-BCC6-4401-A9EF-CE2FDAFD715E}.Debug|Any CPU.ActiveCfg = Debug|Any CPU
		{C9EA4B2C-BCC6-4401-A9EF-CE2FDAFD715E}.Debug|Any CPU.Build.0 = Debug|Any CPU
		{C9EA4B2C-BCC6-4401-A9EF-CE2FDAFD715E}.Release|Any CPU.ActiveCfg = Release|Any CPU
		{C9EA4B2C-BCC6-4401-A9EF-CE2FDAFD715E}.Release|Any CPU.Build.0 = Release|Any CPU
	EndGlobalSection
	GlobalSection(SolutionProperties) = preSolution
		HideSolutionNode = FALSE
	EndGlobalSection
	GlobalSection(ExtensibilityGlobals) = postSolution
		SolutionGuid = {E1B0DA46-11CE-401F-A49C-35D789627AAB}
	EndGlobalSection
EndGlobal
